
Microsoft Visual Studio Solution File, Format Version 12.00
# Visual Studio Version 17
VisualStudioVersion = 17.12.35707.178 d17.12
MinimumVisualStudioVersion = 10.0.40219.1
Project("{FAE04EC0-301F-11D3-BF4B-00C04F79EFBC}") = "scrapper", "scrapper\scrapper.csproj", "{5E060AE8-F78A-4B12-88B9-C29251E5F2DD}"
EndProject
Project("{E53339B2-1760-4266-BCC7-CA923CBCF16C}") = "docker-compose", "docker-compose.dcproj", "{BBD88C3C-799A-4ABD-B2CC-6DEF96B4B019}"
EndProject
Global
	GlobalSection(SolutionConfigurationPlatforms) = preSolution
		Debug|Any CPU = Debug|Any CPU
		Release|Any CPU = Release|Any CPU
	EndGlobalSection
	GlobalSection(ProjectConfigurationPlatforms) = postSolution
		{5E060AE8-F78A-4B12-88B9-C29251E5F2DD}.Debug|Any CPU.ActiveCfg = Debug|Any CPU
		{5E060AE8-F78A-4B12-88B9-C29251E5F2DD}.Debug|Any CPU.Build.0 = Debug|Any CPU
		{5E060AE8-F78A-4B12-88B9-C29251E5F2DD}.Release|Any CPU.ActiveCfg = Release|Any CPU
		{5E060AE8-F78A-4B12-88B9-C29251E5F2DD}.Release|Any CPU.Build.0 = Release|Any CPU
		{BBD88C3C-799A-4ABD-B2CC-6DEF96B4B019}.Debug|Any CPU.ActiveCfg = Debug|Any CPU
		{BBD88C3C-799A-4ABD-B2CC-6DEF96B4B019}.Debug|Any CPU.Build.0 = Debug|Any CPU
		{BBD88C3C-799A-4ABD-B2CC-6DEF96B4B019}.Release|Any CPU.ActiveCfg = Release|Any CPU
		{BBD88C3C-799A-4ABD-B2CC-6DEF96B4B019}.Release|Any CPU.Build.0 = Release|Any CPU
	EndGlobalSection
	GlobalSection(SolutionProperties) = preSolution
		HideSolutionNode = FALSE
	EndGlobalSection
EndGlobal
